
Microsoft Visual Studio Solution File, Format Version 12.00
# Visual Studio Version 17
VisualStudioVersion = 17.5.002.0
MinimumVisualStudioVersion = 10.0.40219.1
Project("{9A19103F-16F7-4668-BE54-9A1E7A4F7556}") = "DesafioProjetoHospedagem", "DesafioProjetoHospedagem.csproj", "{73856B7B-95CC-4FAE-8AF8-E2DA3549DE2D}"
EndProject
Global
	GlobalSection(SolutionConfigurationPlatforms) = preSolution
		Debug|Any CPU = Debug|Any CPU
		Release|Any CPU = Release|Any CPU
	EndGlobalSection
	GlobalSection(ProjectConfigurationPlatforms) = postSolution
		{73856B7B-95CC-4FAE-8AF8-E2DA3549DE2D}.Debug|Any CPU.ActiveCfg = Debug|Any CPU
		{73856B7B-95CC-4FAE-8AF8-E2DA3549DE2D}.Debug|Any CPU.Build.0 = Debug|Any CPU
		{73856B7B-95CC-4FAE-8AF8-E2DA3549DE2D}.Release|Any CPU.ActiveCfg = Release|Any CPU
		{73856B7B-95CC-4FAE-8AF8-E2DA3549DE2D}.Release|Any CPU.Build.0 = Release|Any CPU
	EndGlobalSection
	GlobalSection(SolutionProperties) = preSolution
		HideSolutionNode = FALSE
	EndGlobalSection
	GlobalSection(ExtensibilityGlobals) = postSolution
		SolutionGuid = {C2AD2327-C03A-4BF4-A40E-838CBB36325C}
	EndGlobalSection
EndGlobal
